<Solution>
  <Folder Name="/Generators/">
    <Project Path="Sage.Net.Generators.GameMemoryGenerator\Sage.Net.Generators.GameMemoryGenerator.csproj" />
  </Folder>
  <Folder Name="/Io/">
    <Project Path="Sage.Net.Io.ArchiveFiles\Sage.Net.Io.ArchiveFiles.csproj" />
  </Folder>
  <Project Path="Sage.Net.GameMemory/Sage.Net.GameMemory.csproj" />
  <Project Path="Sage.Net.Subsystems/Sage.Net.Subsystems.csproj" />
</Solution>
